{
  "name": "@vitaliiboiko/magento-template-coverage",
  "version": "0.1.0",
  "lockfileVersion": 3,
  "requires": true,
  "packages": {
    "": {
      "name": "@vitaliiboiko/magento-template-coverage",
      "version": "0.1.0",
      "license": "UNLICENSED",
      "bin": {
        "magento-template-coverage": "bin/cli.js"
      },
      "engines": {
        "node": ">=18.3"
      }
    }
  }
}
